
Microsoft Visual Studio Solution File, Format Version 12.00
# Visual Studio Version 17
VisualStudioVersion = 17.10.34928.147
MinimumVisualStudioVersion = 10.0.40219.1
Project("{FAE04EC0-301F-11D3-BF4B-00C04F79EFBC}") = "WinStream", "WinStream\WinStream.csproj", "{84DEDEE5-9300-4C58-81AB-607BC6032C13}"
EndProject
Project("{FAE04EC0-301F-11D3-BF4B-00C04F79EFBC}") = "WinStream.Core", "WinStream.Core\WinStream.Core.csproj", "{0FC46BF0-F915-42D7-AA00-C0BDE72CEA9F}"
EndProject
Project("{FAE04EC0-301F-11D3-BF4B-00C04F79EFBC}") = "WinStream.Tests", "WinStream.Tests\WinStream.Tests.csproj", "{57542BAA-9ED7-4429-B5B3-8EC37366BCC4}"
EndProject
Project("{2150E333-8FDC-42A3-9474-1A3956D46DE8}") = "tools", "tools", "{07C2787E-EAC7-C090-1BA3-A61EC2A24D84}"
EndProject
Project("{FAE04EC0-301F-11D3-BF4B-00C04F79EFBC}") = "LinkRx", "tools\LinkRx\LinkRx.csproj", "{5CA38F8D-5F6A-4DD8-A145-34F02544B4EB}"
EndProject
Project("{FAE04EC0-301F-11D3-BF4B-00C04F79EFBC}") = "LinkTx", "tools\LinkTx\LinkTx.csproj", "{704AE8A5-70A3-4D34-92D9-E69F7E466F85}"
EndProject
Project("{FAE04EC0-301F-11D3-BF4B-00C04F79EFBC}") = "LinkRx.Pi", "tools\LinkRx.Pi\LinkRx.Pi.csproj", "{1BFC3C4C-F46D-49B9-838F-B478E4004ADE}"
EndProject
Project("{FAE04EC0-301F-11D3-BF4B-00C04F79EFBC}") = "VadProbe", "tools\VadProbe\VadProbe.csproj", "{480C8362-40EA-4573-AD5F-609174A0D18B}"
EndProject
Global
	GlobalSection(SolutionConfigurationPlatforms) = preSolution
		Debug|ARM64 = Debug|ARM64
		Debug|x64 = Debug|x64
		Debug|x86 = Debug|x86
		Debug|Any CPU = Debug|Any CPU
		Release|ARM64 = Release|ARM64
		Release|x64 = Release|x64
		Release|x86 = Release|x86
		Release|Any CPU = Release|Any CPU
	EndGlobalSection
	GlobalSection(ProjectConfigurationPlatforms) = postSolution
		{84DEDEE5-9300-4C58-81AB-607BC6032C13}.Debug|ARM64.ActiveCfg = Debug|ARM64
		{84DEDEE5-9300-4C58-81AB-607BC6032C13}.Debug|ARM64.Build.0 = Debug|ARM64
		{84DEDEE5-9300-4C58-81AB-607BC6032C13}.Debug|ARM64.Deploy.0 = Debug|ARM64
		{84DEDEE5-9300-4C58-81AB-607BC6032C13}.Debug|x64.ActiveCfg = Debug|x64
		{84DEDEE5-9300-4C58-81AB-607BC6032C13}.Debug|x64.Build.0 = Debug|x64
		{84DEDEE5-9300-4C58-81AB-607BC6032C13}.Debug|x64.Deploy.0 = Debug|x64
		{84DEDEE5-9300-4C58-81AB-607BC6032C13}.Debug|x86.ActiveCfg = Debug|x86
		{84DEDEE5-9300-4C58-81AB-607BC6032C13}.Debug|x86.Build.0 = Debug|x86
		{84DEDEE5-9300-4C58-81AB-607BC6032C13}.Debug|x86.Deploy.0 = Debug|x86
		{84DEDEE5-9300-4C58-81AB-607BC6032C13}.Debug|Any CPU.ActiveCfg = Debug|Any CPU
		{84DEDEE5-9300-4C58-81AB-607BC6032C13}.Debug|Any CPU.Build.0 = Debug|Any CPU
		{84DEDEE5-9300-4C58-81AB-607BC6032C13}.Release|ARM64.ActiveCfg = Release|ARM64
		{84DEDEE5-9300-4C58-81AB-607BC6032C13}.Release|ARM64.Build.0 = Release|ARM64
		{84DEDEE5-9300-4C58-81AB-607BC6032C13}.Release|ARM64.Deploy.0 = Release|ARM64
		{84DEDEE5-9300-4C58-81AB-607BC6032C13}.Release|x64.ActiveCfg = Release|x64
		{84DEDEE5-9300-4C58-81AB-607BC6032C13}.Release|x64.Build.0 = Release|x64
		{84DEDEE5-9300-4C58-81AB-607BC6032C13}.Release|x64.Deploy.0 = Release|x64
		{84DEDEE5-9300-4C58-81AB-607BC6032C13}.Release|x86.ActiveCfg = Release|x86
		{84DEDEE5-9300-4C58-81AB-607BC6032C13}.Release|x86.Build.0 = Release|x86
		{84DEDEE5-9300-4C58-81AB-607BC6032C13}.Release|x86.Deploy.0 = Release|x86
		{84DEDEE5-9300-4C58-81AB-607BC6032C13}.Release|Any CPU.ActiveCfg = Release|Any CPU
		{84DEDEE5-9300-4C58-81AB-607BC6032C13}.Release|Any CPU.Build.0 = Release|Any CPU
		{0FC46BF0-F915-42D7-AA00-C0BDE72CEA9F}.Debug|ARM64.ActiveCfg = Debug|Any CPU
		{0FC46BF0-F915-42D7-AA00-C0BDE72CEA9F}.Debug|ARM64.Build.0 = Debug|Any CPU
		{0FC46BF0-F915-42D7-AA00-C0BDE72CEA9F}.Debug|x64.ActiveCfg = Debug|Any CPU
		{0FC46BF0-F915-42D7-AA00-C0BDE72CEA9F}.Debug|x64.Build.0 = Debug|Any CPU
		{0FC46BF0-F915-42D7-AA00-C0BDE72CEA9F}.Debug|x86.ActiveCfg = Debug|Any CPU
		{0FC46BF0-F915-42D7-AA00-C0BDE72CEA9F}.Debug|x86.Build.0 = Debug|Any CPU
		{0FC46BF0-F915-42D7-AA00-C0BDE72CEA9F}.Debug|Any CPU.ActiveCfg = Debug|Any CPU
		{0FC46BF0-F915-42D7-AA00-C0BDE72CEA9F}.Debug|Any CPU.Build.0 = Debug|Any CPU
		{0FC46BF0-F915-42D7-AA00-C0BDE72CEA9F}.Release|ARM64.ActiveCfg = Release|Any CPU
		{0FC46BF0-F915-42D7-AA00-C0BDE72CEA9F}.Release|ARM64.Build.0 = Release|Any CPU
		{0FC46BF0-F915-42D7-AA00-C0BDE72CEA9F}.Release|x64.ActiveCfg = Release|Any CPU
		{0FC46BF0-F915-42D7-AA00-C0BDE72CEA9F}.Release|x64.Build.0 = Release|Any CPU
		{0FC46BF0-F915-42D7-AA00-C0BDE72CEA9F}.Release|x86.ActiveCfg = Release|Any CPU
		{0FC46BF0-F915-42D7-AA00-C0BDE72CEA9F}.Release|x86.Build.0 = Release|Any CPU
		{0FC46BF0-F915-42D7-AA00-C0BDE72CEA9F}.Release|Any CPU.ActiveCfg = Release|Any CPU
		{0FC46BF0-F915-42D7-AA00-C0BDE72CEA9F}.Release|Any CPU.Build.0 = Release|Any CPU
		{57542BAA-9ED7-4429-B5B3-8EC37366BCC4}.Debug|ARM64.ActiveCfg = Debug|Any CPU
		{57542BAA-9ED7-4429-B5B3-8EC37366BCC4}.Debug|ARM64.Build.0 = Debug|Any CPU
		{57542BAA-9ED7-4429-B5B3-8EC37366BCC4}.Debug|x64.ActiveCfg = Debug|Any CPU
		{57542BAA-9ED7-4429-B5B3-8EC37366BCC4}.Debug|x64.Build.0 = Debug|Any CPU
		{57542BAA-9ED7-4429-B5B3-8EC37366BCC4}.Debug|x86.ActiveCfg = Debug|Any CPU
		{57542BAA-9ED7-4429-B5B3-8EC37366BCC4}.Debug|x86.Build.0 = Debug|Any CPU
		{57542BAA-9ED7-4429-B5B3-8EC37366BCC4}.Debug|Any CPU.ActiveCfg = Debug|Any CPU
		{57542BAA-9ED7-4429-B5B3-8EC37366BCC4}.Debug|Any CPU.Build.0 = Debug|Any CPU
		{57542BAA-9ED7-4429-B5B3-8EC37366BCC4}.Release|ARM64.ActiveCfg = Release|Any CPU
		{57542BAA-9ED7-4429-B5B3-8EC37366BCC4}.Release|ARM64.Build.0 = Release|Any CPU
		{57542BAA-9ED7-4429-B5B3-8EC37366BCC4}.Release|x64.ActiveCfg = Release|Any CPU
		{57542BAA-9ED7-4429-B5B3-8EC37366BCC4}.Release|x64.Build.0 = Release|Any CPU
		{57542BAA-9ED7-4429-B5B3-8EC37366BCC4}.Release|x86.ActiveCfg = Release|Any CPU
		{57542BAA-9ED7-4429-B5B3-8EC37366BCC4}.Release|x86.Build.0 = Release|Any CPU
		{57542BAA-9ED7-4429-B5B3-8EC37366BCC4}.Release|Any CPU.ActiveCfg = Release|Any CPU
		{57542BAA-9ED7-4429-B5B3-8EC37366BCC4}.Release|Any CPU.Build.0 = Release|Any CPU
		{5CA38F8D-5F6A-4DD8-A145-34F02544B4EB}.Debug|ARM64.ActiveCfg = Debug|Any CPU
		{5CA38F8D-5F6A-4DD8-A145-34F02544B4EB}.Debug|ARM64.Build.0 = Debug|Any CPU
		{5CA38F8D-5F6A-4DD8-A145-34F02544B4EB}.Debug|x64.ActiveCfg = Debug|Any CPU
		{5CA38F8D-5F6A-4DD8-A145-34F02544B4EB}.Debug|x64.Build.0 = Debug|Any CPU
		{5CA38F8D-5F6A-4DD8-A145-34F02544B4EB}.Debug|x86.ActiveCfg = Debug|Any CPU
		{5CA38F8D-5F6A-4DD8-A145-34F02544B4EB}.Debug|x86.Build.0 = Debug|Any CPU
		{5CA38F8D-5F6A-4DD8-A145-34F02544B4EB}.Debug|Any CPU.ActiveCfg = Debug|Any CPU
		{5CA38F8D-5F6A-4DD8-A145-34F02544B4EB}.Debug|Any CPU.Build.0 = Debug|Any CPU
		{5CA38F8D-5F6A-4DD8-A145-34F02544B4EB}.Release|ARM64.ActiveCfg = Release|Any CPU
		{5CA38F8D-5F6A-4DD8-A145-34F02544B4EB}.Release|ARM64.Build.0 = Release|Any CPU
		{5CA38F8D-5F6A-4DD8-A145-34F02544B4EB}.Release|x64.ActiveCfg = Release|Any CPU
		{5CA38F8D-5F6A-4DD8-A145-34F02544B4EB}.Release|x64.Build.0 = Release|Any CPU
		{5CA38F8D-5F6A-4DD8-A145-34F02544B4EB}.Release|x86.ActiveCfg = Release|Any CPU
		{5CA38F8D-5F6A-4DD8-A145-34F02544B4EB}.Release|x86.Build.0 = Release|Any CPU
		{5CA38F8D-5F6A-4DD8-A145-34F02544B4EB}.Release|Any CPU.ActiveCfg = Release|Any CPU
		{5CA38F8D-5F6A-4DD8-A145-34F02544B4EB}.Release|Any CPU.Build.0 = Release|Any CPU
		{704AE8A5-70A3-4D34-92D9-E69F7E466F85}.Debug|ARM64.ActiveCfg = Debug|Any CPU
		{704AE8A5-70A3-4D34-92D9-E69F7E466F85}.Debug|ARM64.Build.0 = Debug|Any CPU
		{704AE8A5-70A3-4D34-92D9-E69F7E466F85}.Debug|x64.ActiveCfg = Debug|Any CPU
		{704AE8A5-70A3-4D34-92D9-E69F7E466F85}.Debug|x64.Build.0 = Debug|Any CPU
		{704AE8A5-70A3-4D34-92D9-E69F7E466F85}.Debug|x86.ActiveCfg = Debug|Any CPU
		{704AE8A5-70A3-4D34-92D9-E69F7E466F85}.Debug|x86.Build.0 = Debug|Any CPU
		{704AE8A5-70A3-4D34-92D9-E69F7E466F85}.Debug|Any CPU.ActiveCfg = Debug|Any CPU
		{704AE8A5-70A3-4D34-92D9-E69F7E466F85}.Debug|Any CPU.Build.0 = Debug|Any CPU
		{704AE8A5-70A3-4D34-92D9-E69F7E466F85}.Release|ARM64.ActiveCfg = Release|Any CPU
		{704AE8A5-70A3-4D34-92D9-E69F7E466F85}.Release|ARM64.Build.0 = Release|Any CPU
		{704AE8A5-70A3-4D34-92D9-E69F7E466F85}.Release|x64.ActiveCfg = Release|Any CPU
		{704AE8A5-70A3-4D34-92D9-E69F7E466F85}.Release|x64.Build.0 = Release|Any CPU
		{704AE8A5-70A3-4D34-92D9-E69F7E466F85}.Release|x86.ActiveCfg = Release|Any CPU
		{704AE8A5-70A3-4D34-92D9-E69F7E466F85}.Release|x86.Build.0 = Release|Any CPU
		{704AE8A5-70A3-4D34-92D9-E69F7E466F85}.Release|Any CPU.ActiveCfg = Release|Any CPU
		{704AE8A5-70A3-4D34-92D9-E69F7E466F85}.Release|Any CPU.Build.0 = Release|Any CPU
		{1BFC3C4C-F46D-49B9-838F-B478E4004ADE}.Debug|ARM64.ActiveCfg = Debug|Any CPU
		{1BFC3C4C-F46D-49B9-838F-B478E4004ADE}.Debug|ARM64.Build.0 = Debug|Any CPU
		{1BFC3C4C-F46D-49B9-838F-B478E4004ADE}.Debug|x64.ActiveCfg = Debug|Any CPU
		{1BFC3C4C-F46D-49B9-838F-B478E4004ADE}.Debug|x64.Build.0 = Debug|Any CPU
		{1BFC3C4C-F46D-49B9-838F-B478E4004ADE}.Debug|x86.ActiveCfg = Debug|Any CPU
		{1BFC3C4C-F46D-49B9-838F-B478E4004ADE}.Debug|x86.Build.0 = Debug|Any CPU
		{1BFC3C4C-F46D-49B9-838F-B478E4004ADE}.Debug|Any CPU.ActiveCfg = Debug|Any CPU
		{1BFC3C4C-F46D-49B9-838F-B478E4004ADE}.Debug|Any CPU.Build.0 = Debug|Any CPU
		{1BFC3C4C-F46D-49B9-838F-B478E4004ADE}.Release|ARM64.ActiveCfg = Release|Any CPU
		{1BFC3C4C-F46D-49B9-838F-B478E4004ADE}.Release|ARM64.Build.0 = Release|Any CPU
		{1BFC3C4C-F46D-49B9-838F-B478E4004ADE}.Release|x64.ActiveCfg = Release|Any CPU
		{1BFC3C4C-F46D-49B9-838F-B478E4004ADE}.Release|x64.Build.0 = Release|Any CPU
		{1BFC3C4C-F46D-49B9-838F-B478E4004ADE}.Release|x86.ActiveCfg = Release|Any CPU
		{1BFC3C4C-F46D-49B9-838F-B478E4004ADE}.Release|x86.Build.0 = Release|Any CPU
		{1BFC3C4C-F46D-49B9-838F-B478E4004ADE}.Release|Any CPU.ActiveCfg = Release|Any CPU
		{1BFC3C4C-F46D-49B9-838F-B478E4004ADE}.Release|Any CPU.Build.0 = Release|Any CPU
		{480C8362-40EA-4573-AD5F-609174A0D18B}.Debug|ARM64.ActiveCfg = Debug|Any CPU
		{480C8362-40EA-4573-AD5F-609174A0D18B}.Debug|ARM64.Build.0 = Debug|Any CPU
		{480C8362-40EA-4573-AD5F-609174A0D18B}.Debug|x64.ActiveCfg = Debug|Any CPU
		{480C8362-40EA-4573-AD5F-609174A0D18B}.Debug|x64.Build.0 = Debug|Any CPU
		{480C8362-40EA-4573-AD5F-609174A0D18B}.Debug|x86.ActiveCfg = Debug|Any CPU
		{480C8362-40EA-4573-AD5F-609174A0D18B}.Debug|x86.Build.0 = Debug|Any CPU
		{480C8362-40EA-4573-AD5F-609174A0D18B}.Debug|Any CPU.ActiveCfg = Debug|Any CPU
		{480C8362-40EA-4573-AD5F-609174A0D18B}.Debug|Any CPU.Build.0 = Debug|Any CPU
		{480C8362-40EA-4573-AD5F-609174A0D18B}.Release|ARM64.ActiveCfg = Release|Any CPU
		{480C8362-40EA-4573-AD5F-609174A0D18B}.Release|ARM64.Build.0 = Release|Any CPU
		{480C8362-40EA-4573-AD5F-609174A0D18B}.Release|x64.ActiveCfg = Release|Any CPU
		{480C8362-40EA-4573-AD5F-609174A0D18B}.Release|x64.Build.0 = Release|Any CPU
		{480C8362-40EA-4573-AD5F-609174A0D18B}.Release|x86.ActiveCfg = Release|Any CPU
		{480C8362-40EA-4573-AD5F-609174A0D18B}.Release|x86.Build.0 = Release|Any CPU
		{480C8362-40EA-4573-AD5F-609174A0D18B}.Release|Any CPU.ActiveCfg = Release|Any CPU
		{480C8362-40EA-4573-AD5F-609174A0D18B}.Release|Any CPU.Build.0 = Release|Any CPU
	EndGlobalSection
	GlobalSection(SolutionProperties) = preSolution
		HideSolutionNode = FALSE
	EndGlobalSection
	GlobalSection(NestedProjects) = preSolution
		{5CA38F8D-5F6A-4DD8-A145-34F02544B4EB} = {07C2787E-EAC7-C090-1BA3-A61EC2A24D84}
		{704AE8A5-70A3-4D34-92D9-E69F7E466F85} = {07C2787E-EAC7-C090-1BA3-A61EC2A24D84}
		{1BFC3C4C-F46D-49B9-838F-B478E4004ADE} = {07C2787E-EAC7-C090-1BA3-A61EC2A24D84}
		{480C8362-40EA-4573-AD5F-609174A0D18B} = {07C2787E-EAC7-C090-1BA3-A61EC2A24D84}
	EndGlobalSection
	GlobalSection(ExtensibilityGlobals) = postSolution
		SolutionGuid = {C50D916D-D4A1-4F9A-A551-D0371020B1E9}
	EndGlobalSection
EndGlobal
